<?xml version="1.0" encoding="UTF-8" standalone="yes" ?>
<CodeBlocks_project_file>
	<FileVersion major="1" minor="6" />
	<Project>
		<Option title="CalcWin" />
		<Option pch_mode="2" />
		<Option compiler="gcc" />
		<Build>
			<Target title="Release">
				<Option output="bin\Release\CalcWin" prefix_auto="1" extension_auto="1" />
				<Option object_output="obj\Release\" />
				<Option type="0" />
				<Option compiler="gcc" />
				<Compiler>
					<Add option="-O2" />
				</Compiler>
				<Linker>
					<Add option="-s" />
				</Linker>
			</Target>
		</Build>
		<Compiler>
			<Add option="-mms-bitfields" />
			<Add option="-Wall" />
			<Add directory="$(#gtk.include)" />
			<Add directory="$(#gtk.include)\gtk-2.0" />
			<Add directory="$(#gtk.include)\cairo" />
			<Add directory="$(#gtk.include)\gdk" />
			<Add directory="$(#gtk.include)\glib-2.0" />
			<Add directory="$(#gtk.lib)\glib-2.0\include" />
			<Add directory="$(#gtk.include)\pango-1.0" />
			<Add directory="$(#gtk.lib)\gtk-2.0\include" />
			<Add directory="$(#gtk.include)\atk-1.0" />
		</Compiler>
		<Linker>
			<Add library="gtk-win32-2.0" />
			<Add library="gobject-2.0" />
			<Add library="glib-2.0" />
			<Add directory="$(#gtk.lib)" />
		</Linker>
		<Unit filename="calcWin.glade" />
		<Unit filename="calcWin.xml" />
		<Unit filename="main.c">
			<Option compilerVar="CC" />
		</Unit>
		<Unit filename="..\icones_num\back.png" />
		<Unit filename="..\icones_num\divisao.png" />
		<Unit filename="..\icones_num\expoente.png" />
		<Unit filename="..\icones_num\igual.png" />
		<Unit filename="..\icones_num\img_ce.png" />
		<Unit filename="..\icones_num\multiplicacao.png" />
		<Unit filename="..\icones_num\num_0.png" />
		<Unit filename="..\icones_num\num_1.png" />
		<Unit filename="..\icones_num\num_2.png" />
		<Unit filename="..\icones_num\num_3.png" />
		<Unit filename="..\icones_num\num_4.png" />
		<Unit filename="..\icones_num\num_5.png" />
		<Unit filename="..\icones_num\num_6.png" />
		<Unit filename="..\icones_num\num_7.png" />
		<Unit filename="..\icones_num\num_8.png" />
		<Unit filename="..\icones_num\num_9.png" />
		<Unit filename="..\icones_num\percent.png" />
		<Unit filename="..\icones_num\ponto.png" />
		<Unit filename="..\icones_num\soma.png" />
		<Unit filename="..\icones_num\subtracao.png" />
		<Extensions>
			<code_completion />
			<debugger />
		</Extensions>
	</Project>
</CodeBlocks_project_file>
